{
  "name": "@fridgie/shared",
  "version": "1.0.0",
  "lockfileVersion": 3,
  "requires": true,
  "packages": {
    "": {
      "name": "@fridgie/shared",
      "version": "1.0.0",
      "dependencies": {
        "lexorank": "^1.0.5"
      }
    },
    "node_modules/lexorank": {
      "version": "1.0.5",
      "resolved": "https://registry.npmjs.org/lexorank/-/lexorank-1.0.5.tgz",
      "integrity": "sha512-K1B/Yr/gIU0wm68hk/yB0p/mv6xM3ShD5aci42vOwcjof8slG8Kpo3Q7+1WTv7DaRHKWRgLPqrFDt+4GtuFAtA==",
      "license": "MIT"
    }
  }
}
